
Microsoft Visual Studio Solution File, Format Version 12.00
# Visual Studio 14
VisualStudioVersion = 14.0.25420.1
MinimumVisualStudioVersion = 10.0.40219.1
Project("{8BC9CEB8-8B4A-11D0-8D11-00A0C91BC942}") = "vector", "vector\vector.vcxproj", "{646B9C16-6819-45CF-B296-061B57362E24}"
EndProject
Project("{8BC9CEB8-8B4A-11D0-8D11-00A0C91BC942}") = "vectorTest", "vectorTest\vectorTest.vcxproj", "{571CA9BB-4C97-4488-8EFF-08E7D8F251DE}"
EndProject
Global
	GlobalSection(SolutionConfigurationPlatforms) = preSolution
		Debug|x64 = Debug|x64
		Debug|x86 = Debug|x86
		Release|x64 = Release|x64
		Release|x86 = Release|x86
	EndGlobalSection
	GlobalSection(ProjectConfigurationPlatforms) = postSolution
		{646B9C16-6819-45CF-B296-061B57362E24}.Debug|x64.ActiveCfg = Debug|x64
		{646B9C16-6819-45CF-B296-061B57362E24}.Debug|x64.Build.0 = Debug|x64
		{646B9C16-6819-45CF-B296-061B57362E24}.Debug|x86.ActiveCfg = Debug|Win32
		{646B9C16-6819-45CF-B296-061B57362E24}.Debug|x86.Build.0 = Debug|Win32
		{646B9C16-6819-45CF-B296-061B57362E24}.Release|x64.ActiveCfg = Release|x64
		{646B9C16-6819-45CF-B296-061B57362E24}.Release|x64.Build.0 = Release|x64
		{646B9C16-6819-45CF-B296-061B57362E24}.Release|x86.ActiveCfg = Release|Win32
		{646B9C16-6819-45CF-B296-061B57362E24}.Release|x86.Build.0 = Release|Win32
		{571CA9BB-4C97-4488-8EFF-08E7D8F251DE}.Debug|x64.ActiveCfg = Debug|x64
		{571CA9BB-4C97-4488-8EFF-08E7D8F251DE}.Debug|x64.Build.0 = Debug|x64
		{571CA9BB-4C97-4488-8EFF-08E7D8F251DE}.Debug|x86.ActiveCfg = Debug|Win32
		{571CA9BB-4C97-4488-8EFF-08E7D8F251DE}.Debug|x86.Build.0 = Debug|Win32
		{571CA9BB-4C97-4488-8EFF-08E7D8F251DE}.Release|x64.ActiveCfg = Release|x64
		{571CA9BB-4C97-4488-8EFF-08E7D8F251DE}.Release|x64.Build.0 = Release|x64
		{571CA9BB-4C97-4488-8EFF-08E7D8F251DE}.Release|x86.ActiveCfg = Release|Win32
		{571CA9BB-4C97-4488-8EFF-08E7D8F251DE}.Release|x86.Build.0 = Release|Win32
	EndGlobalSection
	GlobalSection(SolutionProperties) = preSolution
		HideSolutionNode = FALSE
	EndGlobalSection
EndGlobal
